
Microsoft Visual Studio Solution File, Format Version 12.00
# Visual Studio Version 17
VisualStudioVersion = 17.14.36221.1 d17.14
MinimumVisualStudioVersion = 10.0.40219.1
Project("{FAE04EC0-301F-11D3-BF4B-00C04F79EFBC}") = "SmartTravelPlanner", "SmartTravelPlanner\SmartTravelPlanner.csproj", "{834776C1-1642-4BE2-803A-14DB05C27F1C}"
EndProject
Global
	GlobalSection(SolutionConfigurationPlatforms) = preSolution
		Debug|Any CPU = Debug|Any CPU
		Release|Any CPU = Release|Any CPU
	EndGlobalSection
	GlobalSection(ProjectConfigurationPlatforms) = postSolution
		{834776C1-1642-4BE2-803A-14DB05C27F1C}.Debug|Any CPU.ActiveCfg = Debug|Any CPU
		{834776C1-1642-4BE2-803A-14DB05C27F1C}.Debug|Any CPU.Build.0 = Debug|Any CPU
		{834776C1-1642-4BE2-803A-14DB05C27F1C}.Release|Any CPU.ActiveCfg = Release|Any CPU
		{834776C1-1642-4BE2-803A-14DB05C27F1C}.Release|Any CPU.Build.0 = Release|Any CPU
	EndGlobalSection
	GlobalSection(SolutionProperties) = preSolution
		HideSolutionNode = FALSE
	EndGlobalSection
	GlobalSection(ExtensibilityGlobals) = postSolution
		SolutionGuid = {45C006B2-3FAB-4D40-8E77-6A9D75532CF7}
	EndGlobalSection
EndGlobal
